# This file is automatically @generated by Cargo.
# It is not intended for manual editing.
version = 4

[[package]]
name = "compositor"
version = "0.1.0"
dependencies = [
 "ostoo-rt",
]

[[package]]
name = "demo-client"
version = "0.1.0"
dependencies = [
 "ostoo-rt",
]

[[package]]
name = "hello-rs"
version = "0.1.0"
dependencies = [
 "ostoo-rt",
]

[[package]]
name = "hello-std"
version = "0.1.0"
dependencies = [
 "ostoo-rt",
]

[[package]]
name = "kbd"
version = "0.1.0"
dependencies = [
 "ostoo-rt",
]

[[package]]
name = "ostoo-rt"
version = "0.1.0"

[[package]]
name = "term"
version = "0.1.0"
dependencies = [
 "ostoo-rt",
]
